
Microsoft Visual Studio Solution File, Format Version 12.00
# Visual Studio Version 16
VisualStudioVersion = 16.0.30413.136
MinimumVisualStudioVersion = 10.0.40219.1
Project("{FAE04EC0-301F-11D3-BF4B-00C04F79EFBC}") = "TongFangAuroraPlugin", "TongFangAuroraPlugin\TongFangAuroraPlugin.csproj", "{E2D3C292-15E8-49B0-945A-D7E8DBDF1CD8}"
EndProject
Global
	GlobalSection(SolutionConfigurationPlatforms) = preSolution
		Debug|Any CPU = Debug|Any CPU
		Release|Any CPU = Release|Any CPU
	EndGlobalSection
	GlobalSection(ProjectConfigurationPlatforms) = postSolution
		{E2D3C292-15E8-49B0-945A-D7E8DBDF1CD8}.Debug|Any CPU.ActiveCfg = Debug|Any CPU
		{E2D3C292-15E8-49B0-945A-D7E8DBDF1CD8}.Debug|Any CPU.Build.0 = Debug|Any CPU
		{E2D3C292-15E8-49B0-945A-D7E8DBDF1CD8}.Release|Any CPU.ActiveCfg = Release|Any CPU
		{E2D3C292-15E8-49B0-945A-D7E8DBDF1CD8}.Release|Any CPU.Build.0 = Release|Any CPU
	EndGlobalSection
	GlobalSection(SolutionProperties) = preSolution
		HideSolutionNode = FALSE
	EndGlobalSection
	GlobalSection(ExtensibilityGlobals) = postSolution
		SolutionGuid = {E84DA776-853F-47E1-AFA1-EB9455CD8F3F}
	EndGlobalSection
EndGlobal
